
Microsoft Visual Studio Solution File, Format Version 12.00
# Visual Studio Version 16
VisualStudioVersion = 16.0.30503.244
MinimumVisualStudioVersion = 10.0.40219.1
Project("{FAE04EC0-301F-11D3-BF4B-00C04F79EFBC}") = "HelloWorldDemo", "HelloWorldDemo\HelloWorldDemo.csproj", "{2FEEFFAE-951B-4539-B7EF-BBF642E26DFD}"
EndProject
Global
	GlobalSection(SolutionConfigurationPlatforms) = preSolution
		Debug|Any CPU = Debug|Any CPU
		Release|Any CPU = Release|Any CPU
	EndGlobalSection
	GlobalSection(ProjectConfigurationPlatforms) = postSolution
		{2FEEFFAE-951B-4539-B7EF-BBF642E26DFD}.Debug|Any CPU.ActiveCfg = Debug|Any CPU
		{2FEEFFAE-951B-4539-B7EF-BBF642E26DFD}.Debug|Any CPU.Build.0 = Debug|Any CPU
		{2FEEFFAE-951B-4539-B7EF-BBF642E26DFD}.Release|Any CPU.ActiveCfg = Release|Any CPU
		{2FEEFFAE-951B-4539-B7EF-BBF642E26DFD}.Release|Any CPU.Build.0 = Release|Any CPU
	EndGlobalSection
	GlobalSection(SolutionProperties) = preSolution
		HideSolutionNode = FALSE
	EndGlobalSection
	GlobalSection(ExtensibilityGlobals) = postSolution
		SolutionGuid = {7066F7DA-BA57-43A9-AB35-2DE610A49D10}
	EndGlobalSection
EndGlobal
